// !$*UTF8*$!
{
	archiveVersion = 1;
	classes = {
	};
	objectVersion = 46;
	objects = {

/* Begin PBXBuildFile section */
		58172CF11CC50DD50083925B /* AppDelegate.swift in Sources */ = {isa = PBXBuildFile; fileRef = 58172CED1CC50DD50083925B /* AppDelegate.swift */; };
		58172CF21CC50DD50083925B /* ViewController.swift in Sources */ = {isa = PBXBuildFile; fileRef = 58172CEF1CC50DD50083925B /* ViewController.swift */; };
		58172CF51CC50FFA0083925B /* MainViewController.swift in Sources */ = {isa = PBXBuildFile; fileRef = 58172CF41CC50FFA0083925B /* MainViewController.swift */; };
		58172CFD1CC511A20083925B /* RooterViewController.swift in Sources */ = {isa = PBXBuildFile; fileRef = 58172CFC1CC511A20083925B /* RooterViewController.swift */; };
		58172CFF1CC5172D0083925B /* IPlayViewController.swift in Sources */ = {isa = PBXBuildFile; fileRef = 58172CFE1CC5172D0083925B /* IPlayViewController.swift */; };
		58172D011CC517490083925B /* FShareViewController.swift in Sources */ = {isa = PBXBuildFile; fileRef = 58172D001CC517490083925B /* FShareViewController.swift */; };
		58172D031CC5175B0083925B /* EStoryViewController.swift in Sources */ = {isa = PBXBuildFile; fileRef = 58172D021CC5175B0083925B /* EStoryViewController.swift */; };
		58172D051CC5176A0083925B /* RMeViewController.swift in Sources */ = {isa = PBXBuildFile; fileRef = 58172D041CC5176A0083925B /* RMeViewController.swift */; };
		58CFC6D31CB818AC00CADD18 /* Main.storyboard in Resources */ = {isa = PBXBuildFile; fileRef = 58CFC6D11CB818AC00CADD18 /* Main.storyboard */; };
		58CFC6D51CB818AC00CADD18 /* Assets.xcassets in Resources */ = {isa = PBXBuildFile; fileRef = 58CFC6D41CB818AC00CADD18 /* Assets.xcassets */; };
		58CFC6D81CB818AC00CADD18 /* LaunchScreen.storyboard in Resources */ = {isa = PBXBuildFile; fileRef = 58CFC6D61CB818AC00CADD18 /* LaunchScreen.storyboard */; };
		F01C89DE24194B1B162FDE0B /* Pods_AiFei.framework in Frameworks */ = {isa = PBXBuildFile; fileRef = A22D58204756F2F87DB91D6C /* Pods_AiFei.framework */; };
/* End PBXBuildFile section */

/* Begin PBXFileReference section */
		58172CED1CC50DD50083925B /* AppDelegate.swift */ = {isa = PBXFileReference; fileEncoding = 4; lastKnownFileType = sourcecode.swift; path = AppDelegate.swift; sourceTree = "<group>"; };
		58172CEF1CC50DD50083925B /* ViewController.swift */ = {isa = PBXFileReference; fileEncoding = 4; lastKnownFileType = sourcecode.swift; name = ViewController.swift; path = ../View/ViewController.swift; sourceTree = "<group>"; };
		58172CF41CC50FFA0083925B /* MainViewController.swift */ = {isa = PBXFileReference; fileEncoding = 4; lastKnownFileType = sourcecode.swift; name = MainViewController.swift; path = ../MainViewController.swift; sourceTree = "<group>"; };
		58172CFC1CC511A20083925B /* RooterViewController.swift */ = {isa = PBXFileReference; fileEncoding = 4; lastKnownFileType = sourcecode.swift; path = RooterViewController.swift; sourceTree = "<group>"; };
		58172CFE1CC5172D0083925B /* IPlayViewController.swift */ = {isa = PBXFileReference; fileEncoding = 4; lastKnownFileType = sourcecode.swift; path = IPlayViewController.swift; sourceTree = "<group>"; };
		58172D001CC517490083925B /* FShareViewController.swift */ = {isa = PBXFileReference; fileEncoding = 4; lastKnownFileType = sourcecode.swift; path = FShareViewController.swift; sourceTree = "<group>"; };
		58172D021CC5175B0083925B /* EStoryViewController.swift */ = {isa = PBXFileReference; fileEncoding = 4; lastKnownFileType = sourcecode.swift; path = EStoryViewController.swift; sourceTree = "<group>"; };
		58172D041CC5176A0083925B /* RMeViewController.swift */ = {isa = PBXFileReference; fileEncoding = 4; lastKnownFileType = sourcecode.swift; path = RMeViewController.swift; sourceTree = "<group>"; };
		58CFC6CA1CB818AC00CADD18 /* AiFei.app */ = {isa = PBXFileReference; explicitFileType = wrapper.application; includeInIndex = 0; path = AiFei.app; sourceTree = BUILT_PRODUCTS_DIR; };
		58CFC6D21CB818AC00CADD18 /* Base */ = {isa = PBXFileReference; lastKnownFileType = file.storyboard; name = Base; path = Base.lproj/Main.storyboard; sourceTree = "<group>"; };
		58CFC6D41CB818AC00CADD18 /* Assets.xcassets */ = {isa = PBXFileReference; lastKnownFileType = folder.assetcatalog; path = Assets.xcassets; sourceTree = "<group>"; };
		58CFC6D71CB818AC00CADD18 /* Base */ = {isa = PBXFileReference; lastKnownFileType = file.storyboard; name = Base; path = Base.lproj/LaunchScreen.storyboard; sourceTree = "<group>"; };
		58CFC6D91CB818AC00CADD18 /* Info.plist */ = {isa = PBXFileReference; lastKnownFileType = text.plist.xml; path = Info.plist; sourceTree = "<group>"; };
		902E063109EA1375008435EC /* Pods-AiFei.release.xcconfig */ = {isa = PBXFileReference; includeInIndex = 1; lastKnownFileType = text.xcconfig; name = "Pods-AiFei.release.xcconfig"; path = "Pods/Target Support Files/Pods-AiFei/Pods-AiFei.release.xcconfig"; sourceTree = "<group>"; };
		A22D58204756F2F87DB91D6C /* Pods_AiFei.framework */ = {isa = PBXFileReference; explicitFileType = wrapper.framework; includeInIndex = 0; path = Pods_AiFei.framework; sourceTree = BUILT_PRODUCTS_DIR; };
		F490FB30AE92ADE6152BB716 /* Pods-AiFei.debug.xcconfig */ = {isa = PBXFileReference; includeInIndex = 1; lastKnownFileType = text.xcconfig; name = "Pods-AiFei.debug.xcconfig"; path = "Pods/Target Support Files/Pods-AiFei/Pods-AiFei.debug.xcconfig"; sourceTree = "<group>"; };
/* End PBXFileReference section */

/* Begin PBXFrameworksBuildPhase section */
		58CFC6C71CB818AC00CADD18 /* Frameworks */ = {
			isa = PBXFrameworksBuildPhase;
			buildActionMask = 2147483647;
			files = (
				F01C89DE24194B1B162FDE0B /* Pods_AiFei.framework in Frameworks */,
			);
			runOnlyForDeploymentPostprocessing = 0;
		};
/* End PBXFrameworksBuildPhase section */

/* Begin PBXGroup section */
		58172CEA1CC50DD50083925B /* Classes */ = {
			isa = PBXGroup;
			children = (
				58172CF31CC50F1F0083925B /* Controller */,
				58172CEB1CC50DD50083925B /* Model */,
				58172CEC1CC50DD50083925B /* Tools */,
				58172CEE1CC50DD50083925B /* View */,
				58172CF01CC50DD50083925B /* ViewModel */,
			);
			name = Classes;
			path = AiFei/Classes;
			sourceTree = "<group>";
		};
		58172CEB1CC50DD50083925B /* Model */ = {
			isa = PBXGroup;
			children = (
			);
			path = Model;
			sourceTree = "<group>";
		};
		58172CEC1CC50DD50083925B /* Tools */ = {
			isa = PBXGroup;
			children = (
				58172CED1CC50DD50083925B /* AppDelegate.swift */,
			);
			path = Tools;
			sourceTree = "<group>";
		};
		58172CEE1CC50DD50083925B /* View */ = {
			isa = PBXGroup;
			children = (
			);
			path = View;
			sourceTree = "<group>";
		};
		58172CF01CC50DD50083925B /* ViewModel */ = {
			isa = PBXGroup;
			children = (
			);
			path = ViewModel;
			sourceTree = "<group>";
		};
		58172CF31CC50F1F0083925B /* Controller */ = {
			isa = PBXGroup;
			children = (
				58172CF71CC5113F0083925B /* AMain */,
				58172CFA1CC5113F0083925B /* IPlay */,
				58172CF91CC5113F0083925B /* FShare */,
				58172CF81CC5113F0083925B /* EStory */,
				58172CFB1CC5113F0083925B /* RMe */,
				58172CEF1CC50DD50083925B /* ViewController.swift */,
			);
			name = Controller;
			path = Controllers;
			sourceTree = "<group>";
		};
		58172CF71CC5113F0083925B /* AMain */ = {
			isa = PBXGroup;
			children = (
				58172CF41CC50FFA0083925B /* MainViewController.swift */,
				58172CFC1CC511A20083925B /* RooterViewController.swift */,
			);
			path = AMain;
			sourceTree = "<group>";
		};
		58172CF81CC5113F0083925B /* EStory */ = {
			isa = PBXGroup;
			children = (
				58172D021CC5175B0083925B /* EStoryViewController.swift */,
			);
			path = EStory;
			sourceTree = "<group>";
		};
		58172CF91CC5113F0083925B /* FShare */ = {
			isa = PBXGroup;
			children = (
				58172D001CC517490083925B /* FShareViewController.swift */,
			);
			path = FShare;
			sourceTree = "<group>";
		};
		58172CFA1CC5113F0083925B /* IPlay */ = {
			isa = PBXGroup;
			children = (
				58172CFE1CC5172D0083925B /* IPlayViewController.swift */,
			);
			path = IPlay;
			sourceTree = "<group>";
		};
		58172CFB1CC5113F0083925B /* RMe */ = {
			isa = PBXGroup;
			children = (
				58172D041CC5176A0083925B /* RMeViewController.swift */,
			);
			path = RMe;
			sourceTree = "<group>";
		};
		58CFC6C11CB818AC00CADD18 = {
			isa = PBXGroup;
			children = (
				58172CEA1CC50DD50083925B /* Classes */,
				58CFC6CC1CB818AC00CADD18 /* AiFei */,
				58CFC6CB1CB818AC00CADD18 /* Products */,
				F62F95F631538DE63A87A3FE /* Pods */,
				8E936C9BE5D83858FE04B448 /* Frameworks */,
			);
			sourceTree = "<group>";
		};
		58CFC6CB1CB818AC00CADD18 /* Products */ = {
			isa = PBXGroup;
			children = (
				58CFC6CA1CB818AC00CADD18 /* AiFei.app */,
			);
			name = Products;
			sourceTree = "<group>";
		};
		58CFC6CC1CB818AC00CADD18 /* AiFei */ = {
			isa = PBXGroup;
			children = (
				58CFC6D11CB818AC00CADD18 /* Main.storyboard */,
				58CFC6D41CB818AC00CADD18 /* Assets.xcassets */,
				58CFC6D61CB818AC00CADD18 /* LaunchScreen.storyboard */,
				58CFC6D91CB818AC00CADD18 /* Info.plist */,
			);
			path = AiFei;
			sourceTree = "<group>";
		};
		8E936C9BE5D83858FE04B448 /* Frameworks */ = {
			isa = PBXGroup;
			children = (
				A22D58204756F2F87DB91D6C /* Pods_AiFei.framework */,
			);
			name = Frameworks;
			sourceTree = "<group>";
		};
		F62F95F631538DE63A87A3FE /* Pods */ = {
			isa = PBXGroup;
			children = (
				F490FB30AE92ADE6152BB716 /* Pods-AiFei.debug.xcconfig */,
				902E063109EA1375008435EC /* Pods-AiFei.release.xcconfig */,
			);
			name = Pods;
			sourceTree = "<group>";
		};
/* End PBXGroup section */

/* Begin PBXNativeTarget section */
		58CFC6C91CB818AC00CADD18 /* AiFei */ = {
			isa = PBXNativeTarget;
			buildConfigurationList = 58CFC6DC1CB818AC00CADD18 /* Build configuration list for PBXNativeTarget "AiFei" */;
			buildPhases = (
				A8938A12A9FCE7811F2793A3 /* Check Pods Manifest.lock */,
				58CFC6C61CB818AC00CADD18 /* Sources */,
				58CFC6C71CB818AC00CADD18 /* Frameworks */,
				58CFC6C81CB818AC00CADD18 /* Resources */,
				5A57A4BBAF83D4F0103F80EF /* Embed Pods Frameworks */,
				07C5E1ACDB1DFC59A8ACBB9E /* Copy Pods Resources */,
			);
			buildRules = (
			);
			dependencies = (
			);
			name = AiFei;
			productName = AiFei;
			productReference = 58CFC6CA1CB818AC00CADD18 /* AiFei.app */;
			productType = "com.apple.product-type.application";
		};
/* End PBXNativeTarget section */

/* Begin PBXProject section */
		58CFC6C21CB818AC00CADD18 /* Project object */ = {
			isa = PBXProject;
			attributes = {
				LastSwiftUpdateCheck = 0720;
				LastUpgradeCheck = 0720;
				ORGANIZATIONNAME = "黄礼潮";
				TargetAttributes = {
					58CFC6C91CB818AC00CADD18 = {
						CreatedOnToolsVersion = 7.2.1;
						DevelopmentTeam = CVZ5K6Y5U4;
					};
				};
			};
			buildConfigurationList = 58CFC6C51CB818AC00CADD18 /* Build configuration list for PBXProject "AiFei" */;
			compatibilityVersion = "Xcode 3.2";
			developmentRegion = English;
			hasScannedForEncodings = 0;
			knownRegions = (
				en,
				Base,
			);
			mainGroup = 58CFC6C11CB818AC00CADD18;
			productRefGroup = 58CFC6CB1CB818AC00CADD18 /* Products */;
			projectDirPath = "";
			projectRoot = "";
			targets = (
				58CFC6C91CB818AC00CADD18 /* AiFei */,
			);
		};
/* End PBXProject section */

/* Begin PBXResourcesBuildPhase section */
		58CFC6C81CB818AC00CADD18 /* Resources */ = {
			isa = PBXResourcesBuildPhase;
			buildActionMask = 2147483647;
			files = (
				58CFC6D81CB818AC00CADD18 /* LaunchScreen.storyboard in Resources */,
				58CFC6D51CB818AC00CADD18 /* Assets.xcassets in Resources */,
				58CFC6D31CB818AC00CADD18 /* Main.storyboard in Resources */,
			);
			runOnlyForDeploymentPostprocessing = 0;
		};
/* End PBXResourcesBuildPhase section */

/* Begin PBXShellScriptBuildPhase section */
		07C5E1ACDB1DFC59A8ACBB9E /* Copy Pods Resources */ = {
			isa = PBXShellScriptBuildPhase;
			buildActionMask = 2147483647;
			files = (
			);
			inputPaths = (
			);
			name = "Copy Pods Resources";
			outputPaths = (
			);
			runOnlyForDeploymentPostprocessing = 0;
			shellPath = /bin/sh;
			shellScript = "\"${SRCROOT}/Pods/Target Support Files/Pods-AiFei/Pods-AiFei-resources.sh\"\n";
			showEnvVarsInLog = 0;
		};
		5A57A4BBAF83D4F0103F80EF /* Embed Pods Frameworks */ = {
			isa = PBXShellScriptBuildPhase;
			buildActionMask = 2147483647;
			files = (
			);
			inputPaths = (
			);
			name = "Embed Pods Frameworks";
			outputPaths = (
			);
			runOnlyForDeploymentPostprocessing = 0;
			shellPath = /bin/sh;
			shellScript = "\"${SRCROOT}/Pods/Target Support Files/Pods-AiFei/Pods-AiFei-frameworks.sh\"\n";
			showEnvVarsInLog = 0;
		};
		A8938A12A9FCE7811F2793A3 /* Check Pods Manifest.lock */ = {
			isa = PBXShellScriptBuildPhase;
			buildActionMask = 2147483647;
			files = (
			);
			inputPaths = (
			);
			name = "Check Pods Manifest.lock";
			outputPaths = (
			);
			runOnlyForDeploymentPostprocessing = 0;
			shellPath = /bin/sh;
			shellScript = "diff \"${PODS_ROOT}/../Podfile.lock\" \"${PODS_ROOT}/Manifest.lock\" > /dev/null\nif [[ $? != 0 ]] ; then\n    cat << EOM\nerror: The sandbox is not in sync with the Podfile.lock. Run 'pod install' or update your CocoaPods installation.\nEOM\n    exit 1\nfi\n";
			showEnvVarsInLog = 0;
		};
/* End PBXShellScriptBuildPhase section */

/* Begin PBXSourcesBuildPhase section */
		58CFC6C61CB818AC00CADD18 /* Sources */ = {
			isa = PBXSourcesBuildPhase;
			buildActionMask = 2147483647;
			files = (
				58172CF51CC50FFA0083925B /* MainViewController.swift in Sources */,
				58172CF21CC50DD50083925B /* ViewController.swift in Sources */,
				58172CF11CC50DD50083925B /* AppDelegate.swift in Sources */,
				58172D011CC517490083925B /* FShareViewController.swift in Sources */,
				58172CFD1CC511A20083925B /* RooterViewController.swift in Sources */,
				58172D051CC5176A0083925B /* RMeViewController.swift in Sources */,
				58172D031CC5175B0083925B /* EStoryViewController.swift in Sources */,
				58172CFF1CC5172D0083925B /* IPlayViewController.swift in Sources */,
			);
			runOnlyForDeploymentPostprocessing = 0;
		};
/* End PBXSourcesBuildPhase section */

/* Begin PBXVariantGroup section */
		58CFC6D11CB818AC00CADD18 /* Main.storyboard */ = {
			isa = PBXVariantGroup;
			children = (
				58CFC6D21CB818AC00CADD18 /* Base */,
			);
			name = Main.storyboard;
			sourceTree = "<group>";
		};
		58CFC6D61CB818AC00CADD18 /* LaunchScreen.storyboard */ = {
			isa = PBXVariantGroup;
			children = (
				58CFC6D71CB818AC00CADD18 /* Base */,
			);
			name = LaunchScreen.storyboard;
			sourceTree = "<group>";
		};
/* End PBXVariantGroup section */

/* Begin XCBuildConfiguration section */
		58CFC6DA1CB818AC00CADD18 /* Debug */ = {
			isa = XCBuildConfiguration;
			buildSettings = {
				ALWAYS_SEARCH_USER_PATHS = NO;
				CLANG_CXX_LANGUAGE_STANDARD = "gnu++0x";
				CLANG_CXX_LIBRARY = "libc++";
				CLANG_ENABLE_MODULES = YES;
				CLANG_ENABLE_OBJC_ARC = YES;
				CLANG_WARN_BOOL_CONVERSION = YES;
				CLANG_WARN_CONSTANT_CONVERSION = YES;
				CLANG_WARN_DIRECT_OBJC_ISA_USAGE = YES_ERROR;
				CLANG_WARN_EMPTY_BODY = YES;
				CLANG_WARN_ENUM_CONVERSION = YES;
				CLANG_WARN_INT_CONVERSION = YES;
				CLANG_WARN_OBJC_ROOT_CLASS = YES_ERROR;
				CLANG_WARN_UNREACHABLE_CODE = YES;
				CLANG_WARN__DUPLICATE_METHOD_MATCH = YES;
				"CODE_SIGN_IDENTITY[sdk=iphoneos*]" = "iPhone Developer";
				COPY_PHASE_STRIP = NO;
				DEBUG_INFORMATION_FORMAT = dwarf;
				ENABLE_STRICT_OBJC_MSGSEND = YES;
				ENABLE_TESTABILITY = YES;
				GCC_C_LANGUAGE_STANDARD = gnu99;
				GCC_DYNAMIC_NO_PIC = NO;
				GCC_NO_COMMON_BLOCKS = YES;
				GCC_OPTIMIZATION_LEVEL = 0;
				GCC_PREPROCESSOR_DEFINITIONS = (
					"DEBUG=1",
					"$(inherited)",
				);
				GCC_WARN_64_TO_32_BIT_CONVERSION = YES;
				GCC_WARN_ABOUT_RETURN_TYPE = YES_ERROR;
				GCC_WARN_UNDECLARED_SELECTOR = YES;
				GCC_WARN_UNINITIALIZED_AUTOS = YES_AGGRESSIVE;
				GCC_WARN_UNUSED_FUNCTION = YES;
				GCC_WARN_UNUSED_VARIABLE = YES;
				IPHONEOS_DEPLOYMENT_TARGET = 9.2;
				MTL_ENABLE_DEBUG_INFO = YES;
				ONLY_ACTIVE_ARCH = YES;
				SDKROOT = iphoneos;
				SWIFT_OPTIMIZATION_LEVEL = "-Onone";
				TARGETED_DEVICE_FAMILY = "1,2";
			};
			name = Debug;
		};
		58CFC6DB1CB818AC00CADD18 /* Release */ = {
			isa = XCBuildConfiguration;
			buildSettings = {
				ALWAYS_SEARCH_USER_PATHS = NO;
				CLANG_CXX_LANGUAGE_STANDARD = "gnu++0x";
				CLANG_CXX_LIBRARY = "libc++";
				CLANG_ENABLE_MODULES = YES;
				CLANG_ENABLE_OBJC_ARC = YES;
				CLANG_WARN_BOOL_CONVERSION = YES;
				CLANG_WARN_CONSTANT_CONVERSION = YES;
				CLANG_WARN_DIRECT_OBJC_ISA_USAGE = YES_ERROR;
				CLANG_WARN_EMPTY_BODY = YES;
				CLANG_WARN_ENUM_CONVERSION = YES;
				CLANG_WARN_INT_CONVERSION = YES;
				CLANG_WARN_OBJC_ROOT_CLASS = YES_ERROR;
				CLANG_WARN_UNREACHABLE_CODE = YES;
				CLANG_WARN__DUPLICATE_METHOD_MATCH = YES;
				"CODE_SIGN_IDENTITY[sdk=iphoneos*]" = "iPhone Developer";
				COPY_PHASE_STRIP = NO;
				DEBUG_INFORMATION_FORMAT = "dwarf-with-dsym";
				ENABLE_NS_ASSERTIONS = NO;
				ENABLE_STRICT_OBJC_MSGSEND = YES;
				GCC_C_LANGUAGE_STANDARD = gnu99;
				GCC_NO_COMMON_BLOCKS = YES;
				GCC_WARN_64_TO_32_BIT_CONVERSION = YES;
				GCC_WARN_ABOUT_RETURN_TYPE = YES_ERROR;
				GCC_WARN_UNDECLARED_SELECTOR = YES;
				GCC_WARN_UNINITIALIZED_AUTOS = YES_AGGRESSIVE;
				GCC_WARN_UNUSED_FUNCTION = YES;
				GCC_WARN_UNUSED_VARIABLE = YES;
				IPHONEOS_DEPLOYMENT_TARGET = 9.2;
				MTL_ENABLE_DEBUG_INFO = NO;
				SDKROOT = iphoneos;
				TARGETED_DEVICE_FAMILY = "1,2";
				VALIDATE_PRODUCT = YES;
			};
			name = Release;
		};
		58CFC6DD1CB818AC00CADD18 /* Debug */ = {
			isa = XCBuildConfiguration;
			baseConfigurationReference = F490FB30AE92ADE6152BB716 /* Pods-AiFei.debug.xcconfig */;
			buildSettings = {
				ASSETCATALOG_COMPILER_APPICON_NAME = AppIcon;
				INFOPLIST_FILE = AiFei/Info.plist;
				LD_RUNPATH_SEARCH_PATHS = "$(inherited) @executable_path/Frameworks";
				PRODUCT_BUNDLE_IDENTIFIER = hulni.com.AiFei;
				PRODUCT_NAME = "$(TARGET_NAME)";
			};
			name = Debug;
		};
		58CFC6DE1CB818AC00CADD18 /* Release */ = {
			isa = XCBuildConfiguration;
			baseConfigurationReference = 902E063109EA1375008435EC /* Pods-AiFei.release.xcconfig */;
			buildSettings = {
				ASSETCATALOG_COMPILER_APPICON_NAME = AppIcon;
				INFOPLIST_FILE = AiFei/Info.plist;
				LD_RUNPATH_SEARCH_PATHS = "$(inherited) @executable_path/Frameworks";
				PRODUCT_BUNDLE_IDENTIFIER = hulni.com.AiFei;
				PRODUCT_NAME = "$(TARGET_NAME)";
			};
			name = Release;
		};
/* End XCBuildConfiguration section */

/* Begin XCConfigurationList section */
		58CFC6C51CB818AC00CADD18 /* Build configuration list for PBXProject "AiFei" */ = {
			isa = XCConfigurationList;
			buildConfigurations = (
				58CFC6DA1CB818AC00CADD18 /* Debug */,
				58CFC6DB1CB818AC00CADD18 /* Release */,
			);
			defaultConfigurationIsVisible = 0;
			defaultConfigurationName = Release;
		};
		58CFC6DC1CB818AC00CADD18 /* Build configuration list for PBXNativeTarget "AiFei" */ = {
			isa = XCConfigurationList;
			buildConfigurations = (
				58CFC6DD1CB818AC00CADD18 /* Debug */,
				58CFC6DE1CB818AC00CADD18 /* Release */,
			);
			defaultConfigurationIsVisible = 0;
			defaultConfigurationName = Release;
		};
/* End XCConfigurationList section */
	};
	rootObject = 58CFC6C21CB818AC00CADD18 /* Project object */;
}
